
Microsoft Visual Studio Solution File, Format Version 12.00
# Visual Studio Version 16
VisualStudioVersion = 16.0.29721.120
MinimumVisualStudioVersion = 10.0.40219.1
Project("{9A19103F-16F7-4668-BE54-9A1E7A4F7556}") = "SoccerCommon", "SoccerCommon\SoccerCommon.csproj", "{6685EDC3-D3CD-462F-B2CE-734B0A5A6102}"
EndProject
Project("{9A19103F-16F7-4668-BE54-9A1E7A4F7556}") = "Soccer.web", "Soccer.web\Soccer.web.csproj", "{0197CE54-3227-41BD-9EDB-1E3E01BC8267}"
EndProject
Project("{9A19103F-16F7-4668-BE54-9A1E7A4F7556}") = "Soccer.Prism", "Soccer.Prism\Soccer.Prism\Soccer.Prism.csproj", "{3BAB4066-D71C-49B2-B0EA-731AF9C4E778}"
EndProject
Project("{FAE04EC0-301F-11D3-BF4B-00C04F79EFBC}") = "Soccer.Prism.Android", "Soccer.Prism\Soccer.Prism.Android\Soccer.Prism.Android.csproj", "{CC4AD58C-C471-4C22-995A-CA8D5B0DA821}"
EndProject
Project("{FAE04EC0-301F-11D3-BF4B-00C04F79EFBC}") = "Soccer.Prism.iOS", "Soccer.Prism\Soccer.Prism.iOS\Soccer.Prism.iOS.csproj", "{48413B29-7912-4880-BA4D-6F3DED2DEF36}"
EndProject
Project("{FAE04EC0-301F-11D3-BF4B-00C04F79EFBC}") = "Soccer.Cross.Android", "Soccer.Cross.Android\Soccer.Cross.Android.csproj", "{1F1E4BC3-3C16-473D-9F92-3E50B95775DB}"
EndProject
Project("{FAE04EC0-301F-11D3-BF4B-00C04F79EFBC}") = "Soccer.Cross.iOS", "Soccer.Cross.iOS\Soccer.Cross.iOS.csproj", "{C200FFBA-9D9C-41E2-AD34-FDA9A41C17D1}"
EndProject
Global
	GlobalSection(SolutionConfigurationPlatforms) = preSolution
		Ad-Hoc|Any CPU = Ad-Hoc|Any CPU
		Ad-Hoc|iPhone = Ad-Hoc|iPhone
		Ad-Hoc|iPhoneSimulator = Ad-Hoc|iPhoneSimulator
		AppStore|Any CPU = AppStore|Any CPU
		AppStore|iPhone = AppStore|iPhone
		AppStore|iPhoneSimulator = AppStore|iPhoneSimulator
		Debug|Any CPU = Debug|Any CPU
		Debug|iPhone = Debug|iPhone
		Debug|iPhoneSimulator = Debug|iPhoneSimulator
		Release|Any CPU = Release|Any CPU
		Release|iPhone = Release|iPhone
		Release|iPhoneSimulator = Release|iPhoneSimulator
	EndGlobalSection
	GlobalSection(ProjectConfigurationPlatforms) = postSolution
		{6685EDC3-D3CD-462F-B2CE-734B0A5A6102}.Ad-Hoc|Any CPU.ActiveCfg = Release|Any CPU
		{6685EDC3-D3CD-462F-B2CE-734B0A5A6102}.Ad-Hoc|Any CPU.Build.0 = Release|Any CPU
		{6685EDC3-D3CD-462F-B2CE-734B0A5A6102}.Ad-Hoc|iPhone.ActiveCfg = Release|Any CPU
		{6685EDC3-D3CD-462F-B2CE-734B0A5A6102}.Ad-Hoc|iPhone.Build.0 = Release|Any CPU
		{6685EDC3-D3CD-462F-B2CE-734B0A5A6102}.Ad-Hoc|iPhoneSimulator.ActiveCfg = Release|Any CPU
		{6685EDC3-D3CD-462F-B2CE-734B0A5A6102}.Ad-Hoc|iPhoneSimulator.Build.0 = Release|Any CPU
		{6685EDC3-D3CD-462F-B2CE-734B0A5A6102}.AppStore|Any CPU.ActiveCfg = Release|Any CPU
		{6685EDC3-D3CD-462F-B2CE-734B0A5A6102}.AppStore|Any CPU.Build.0 = Release|Any CPU
		{6685EDC3-D3CD-462F-B2CE-734B0A5A6102}.AppStore|iPhone.ActiveCfg = Release|Any CPU
		{6685EDC3-D3CD-462F-B2CE-734B0A5A6102}.AppStore|iPhone.Build.0 = Release|Any CPU
		{6685EDC3-D3CD-462F-B2CE-734B0A5A6102}.AppStore|iPhoneSimulator.ActiveCfg = Release|Any CPU
		{6685EDC3-D3CD-462F-B2CE-734B0A5A6102}.AppStore|iPhoneSimulator.Build.0 = Release|Any CPU
		{6685EDC3-D3CD-462F-B2CE-734B0A5A6102}.Debug|Any CPU.ActiveCfg = Debug|Any CPU
		{6685EDC3-D3CD-462F-B2CE-734B0A5A6102}.Debug|Any CPU.Build.0 = Debug|Any CPU
		{6685EDC3-D3CD-462F-B2CE-734B0A5A6102}.Debug|iPhone.ActiveCfg = Debug|Any CPU
		{6685EDC3-D3CD-462F-B2CE-734B0A5A6102}.Debug|iPhone.Build.0 = Debug|Any CPU
		{6685EDC3-D3CD-462F-B2CE-734B0A5A6102}.Debug|iPhoneSimulator.ActiveCfg = Debug|Any CPU
		{6685EDC3-D3CD-462F-B2CE-734B0A5A6102}.Debug|iPhoneSimulator.Build.0 = Debug|Any CPU
		{6685EDC3-D3CD-462F-B2CE-734B0A5A6102}.Release|Any CPU.ActiveCfg = Release|Any CPU
		{6685EDC3-D3CD-462F-B2CE-734B0A5A6102}.Release|Any CPU.Build.0 = Release|Any CPU
		{6685EDC3-D3CD-462F-B2CE-734B0A5A6102}.Release|iPhone.ActiveCfg = Release|Any CPU
		{6685EDC3-D3CD-462F-B2CE-734B0A5A6102}.Release|iPhone.Build.0 = Release|Any CPU
		{6685EDC3-D3CD-462F-B2CE-734B0A5A6102}.Release|iPhoneSimulator.ActiveCfg = Release|Any CPU
		{6685EDC3-D3CD-462F-B2CE-734B0A5A6102}.Release|iPhoneSimulator.Build.0 = Release|Any CPU
		{0197CE54-3227-41BD-9EDB-1E3E01BC8267}.Ad-Hoc|Any CPU.ActiveCfg = Release|Any CPU
		{0197CE54-3227-41BD-9EDB-1E3E01BC8267}.Ad-Hoc|Any CPU.Build.0 = Release|Any CPU
		{0197CE54-3227-41BD-9EDB-1E3E01BC8267}.Ad-Hoc|iPhone.ActiveCfg = Release|Any CPU
		{0197CE54-3227-41BD-9EDB-1E3E01BC8267}.Ad-Hoc|iPhone.Build.0 = Release|Any CPU
		{0197CE54-3227-41BD-9EDB-1E3E01BC8267}.Ad-Hoc|iPhoneSimulator.ActiveCfg = Release|Any CPU
		{0197CE54-3227-41BD-9EDB-1E3E01BC8267}.Ad-Hoc|iPhoneSimulator.Build.0 = Release|Any CPU
		{0197CE54-3227-41BD-9EDB-1E3E01BC8267}.AppStore|Any CPU.ActiveCfg = Release|Any CPU
		{0197CE54-3227-41BD-9EDB-1E3E01BC8267}.AppStore|Any CPU.Build.0 = Release|Any CPU
		{0197CE54-3227-41BD-9EDB-1E3E01BC8267}.AppStore|iPhone.ActiveCfg = Release|Any CPU
		{0197CE54-3227-41BD-9EDB-1E3E01BC8267}.AppStore|iPhone.Build.0 = Release|Any CPU
		{0197CE54-3227-41BD-9EDB-1E3E01BC8267}.AppStore|iPhoneSimulator.ActiveCfg = Release|Any CPU
		{0197CE54-3227-41BD-9EDB-1E3E01BC8267}.AppStore|iPhoneSimulator.Build.0 = Release|Any CPU
		{0197CE54-3227-41BD-9EDB-1E3E01BC8267}.Debug|Any CPU.ActiveCfg = Debug|Any CPU
		{0197CE54-3227-41BD-9EDB-1E3E01BC8267}.Debug|Any CPU.Build.0 = Debug|Any CPU
		{0197CE54-3227-41BD-9EDB-1E3E01BC8267}.Debug|iPhone.ActiveCfg = Debug|Any CPU
		{0197CE54-3227-41BD-9EDB-1E3E01BC8267}.Debug|iPhone.Build.0 = Debug|Any CPU
		{0197CE54-3227-41BD-9EDB-1E3E01BC8267}.Debug|iPhoneSimulator.ActiveCfg = Debug|Any CPU
		{0197CE54-3227-41BD-9EDB-1E3E01BC8267}.Debug|iPhoneSimulator.Build.0 = Debug|Any CPU
		{0197CE54-3227-41BD-9EDB-1E3E01BC8267}.Release|Any CPU.ActiveCfg = Release|Any CPU
		{0197CE54-3227-41BD-9EDB-1E3E01BC8267}.Release|Any CPU.Build.0 = Release|Any CPU
		{0197CE54-3227-41BD-9EDB-1E3E01BC8267}.Release|iPhone.ActiveCfg = Release|Any CPU
		{0197CE54-3227-41BD-9EDB-1E3E01BC8267}.Release|iPhone.Build.0 = Release|Any CPU
		{0197CE54-3227-41BD-9EDB-1E3E01BC8267}.Release|iPhoneSimulator.ActiveCfg = Release|Any CPU
		{0197CE54-3227-41BD-9EDB-1E3E01BC8267}.Release|iPhoneSimulator.Build.0 = Release|Any CPU
		{3BAB4066-D71C-49B2-B0EA-731AF9C4E778}.Ad-Hoc|Any CPU.ActiveCfg = Debug|Any CPU
		{3BAB4066-D71C-49B2-B0EA-731AF9C4E778}.Ad-Hoc|Any CPU.Build.0 = Debug|Any CPU
		{3BAB4066-D71C-49B2-B0EA-731AF9C4E778}.Ad-Hoc|iPhone.ActiveCfg = Debug|Any CPU
		{3BAB4066-D71C-49B2-B0EA-731AF9C4E778}.Ad-Hoc|iPhone.Build.0 = Debug|Any CPU
		{3BAB4066-D71C-49B2-B0EA-731AF9C4E778}.Ad-Hoc|iPhoneSimulator.ActiveCfg = Debug|Any CPU
		{3BAB4066-D71C-49B2-B0EA-731AF9C4E778}.Ad-Hoc|iPhoneSimulator.Build.0 = Debug|Any CPU
		{3BAB4066-D71C-49B2-B0EA-731AF9C4E778}.AppStore|Any CPU.ActiveCfg = Debug|Any CPU
		{3BAB4066-D71C-49B2-B0EA-731AF9C4E778}.AppStore|Any CPU.Build.0 = Debug|Any CPU
		{3BAB4066-D71C-49B2-B0EA-731AF9C4E778}.AppStore|iPhone.ActiveCfg = Debug|Any CPU
		{3BAB4066-D71C-49B2-B0EA-731AF9C4E778}.AppStore|iPhone.Build.0 = Debug|Any CPU
		{3BAB4066-D71C-49B2-B0EA-731AF9C4E778}.AppStore|iPhoneSimulator.ActiveCfg = Debug|Any CPU
		{3BAB4066-D71C-49B2-B0EA-731AF9C4E778}.AppStore|iPhoneSimulator.Build.0 = Debug|Any CPU
		{3BAB4066-D71C-49B2-B0EA-731AF9C4E778}.Debug|Any CPU.ActiveCfg = Debug|Any CPU
		{3BAB4066-D71C-49B2-B0EA-731AF9C4E778}.Debug|Any CPU.Build.0 = Debug|Any CPU
		{3BAB4066-D71C-49B2-B0EA-731AF9C4E778}.Debug|iPhone.ActiveCfg = Debug|Any CPU
		{3BAB4066-D71C-49B2-B0EA-731AF9C4E778}.Debug|iPhone.Build.0 = Debug|Any CPU
		{3BAB4066-D71C-49B2-B0EA-731AF9C4E778}.Debug|iPhoneSimulator.ActiveCfg = Debug|Any CPU
		{3BAB4066-D71C-49B2-B0EA-731AF9C4E778}.Debug|iPhoneSimulator.Build.0 = Debug|Any CPU
		{3BAB4066-D71C-49B2-B0EA-731AF9C4E778}.Release|Any CPU.ActiveCfg = Release|Any CPU
		{3BAB4066-D71C-49B2-B0EA-731AF9C4E778}.Release|Any CPU.Build.0 = Release|Any CPU
		{3BAB4066-D71C-49B2-B0EA-731AF9C4E778}.Release|iPhone.ActiveCfg = Release|Any CPU
		{3BAB4066-D71C-49B2-B0EA-731AF9C4E778}.Release|iPhone.Build.0 = Release|Any CPU
		{3BAB4066-D71C-49B2-B0EA-731AF9C4E778}.Release|iPhoneSimulator.ActiveCfg = Release|Any CPU
		{3BAB4066-D71C-49B2-B0EA-731AF9C4E778}.Release|iPhoneSimulator.Build.0 = Release|Any CPU
		{CC4AD58C-C471-4C22-995A-CA8D5B0DA821}.Ad-Hoc|Any CPU.ActiveCfg = Release|Any CPU
		{CC4AD58C-C471-4C22-995A-CA8D5B0DA821}.Ad-Hoc|Any CPU.Build.0 = Release|Any CPU
		{CC4AD58C-C471-4C22-995A-CA8D5B0DA821}.Ad-Hoc|Any CPU.Deploy.0 = Release|Any CPU
		{CC4AD58C-C471-4C22-995A-CA8D5B0DA821}.Ad-Hoc|iPhone.ActiveCfg = Release|Any CPU
		{CC4AD58C-C471-4C22-995A-CA8D5B0DA821}.Ad-Hoc|iPhone.Build.0 = Release|Any CPU
		{CC4AD58C-C471-4C22-995A-CA8D5B0DA821}.Ad-Hoc|iPhone.Deploy.0 = Release|Any CPU
		{CC4AD58C-C471-4C22-995A-CA8D5B0DA821}.Ad-Hoc|iPhoneSimulator.ActiveCfg = Release|Any CPU
		{CC4AD58C-C471-4C22-995A-CA8D5B0DA821}.Ad-Hoc|iPhoneSimulator.Build.0 = Release|Any CPU
		{CC4AD58C-C471-4C22-995A-CA8D5B0DA821}.Ad-Hoc|iPhoneSimulator.Deploy.0 = Release|Any CPU
		{CC4AD58C-C471-4C22-995A-CA8D5B0DA821}.AppStore|Any CPU.ActiveCfg = Release|Any CPU
		{CC4AD58C-C471-4C22-995A-CA8D5B0DA821}.AppStore|Any CPU.Build.0 = Release|Any CPU
		{CC4AD58C-C471-4C22-995A-CA8D5B0DA821}.AppStore|Any CPU.Deploy.0 = Release|Any CPU
		{CC4AD58C-C471-4C22-995A-CA8D5B0DA821}.AppStore|iPhone.ActiveCfg = Release|Any CPU
		{CC4AD58C-C471-4C22-995A-CA8D5B0DA821}.AppStore|iPhone.Build.0 = Release|Any CPU
		{CC4AD58C-C471-4C22-995A-CA8D5B0DA821}.AppStore|iPhone.Deploy.0 = Release|Any CPU
		{CC4AD58C-C471-4C22-995A-CA8D5B0DA821}.AppStore|iPhoneSimulator.ActiveCfg = Release|Any CPU
		{CC4AD58C-C471-4C22-995A-CA8D5B0DA821}.AppStore|iPhoneSimulator.Build.0 = Release|Any CPU
		{CC4AD58C-C471-4C22-995A-CA8D5B0DA821}.AppStore|iPhoneSimulator.Deploy.0 = Release|Any CPU
		{CC4AD58C-C471-4C22-995A-CA8D5B0DA821}.Debug|Any CPU.ActiveCfg = Debug|Any CPU
		{CC4AD58C-C471-4C22-995A-CA8D5B0DA821}.Debug|Any CPU.Build.0 = Debug|Any CPU
		{CC4AD58C-C471-4C22-995A-CA8D5B0DA821}.Debug|Any CPU.Deploy.0 = Debug|Any CPU
		{CC4AD58C-C471-4C22-995A-CA8D5B0DA821}.Debug|iPhone.ActiveCfg = Debug|Any CPU
		{CC4AD58C-C471-4C22-995A-CA8D5B0DA821}.Debug|iPhone.Build.0 = Debug|Any CPU
		{CC4AD58C-C471-4C22-995A-CA8D5B0DA821}.Debug|iPhone.Deploy.0 = Debug|Any CPU
		{CC4AD58C-C471-4C22-995A-CA8D5B0DA821}.Debug|iPhoneSimulator.ActiveCfg = Debug|Any CPU
		{CC4AD58C-C471-4C22-995A-CA8D5B0DA821}.Debug|iPhoneSimulator.Build.0 = Debug|Any CPU
		{CC4AD58C-C471-4C22-995A-CA8D5B0DA821}.Debug|iPhoneSimulator.Deploy.0 = Debug|Any CPU
		{CC4AD58C-C471-4C22-995A-CA8D5B0DA821}.Release|Any CPU.ActiveCfg = Release|Any CPU
		{CC4AD58C-C471-4C22-995A-CA8D5B0DA821}.Release|Any CPU.Build.0 = Release|Any CPU
		{CC4AD58C-C471-4C22-995A-CA8D5B0DA821}.Release|Any CPU.Deploy.0 = Release|Any CPU
		{CC4AD58C-C471-4C22-995A-CA8D5B0DA821}.Release|iPhone.ActiveCfg = Release|Any CPU
		{CC4AD58C-C471-4C22-995A-CA8D5B0DA821}.Release|iPhone.Build.0 = Release|Any CPU
		{CC4AD58C-C471-4C22-995A-CA8D5B0DA821}.Release|iPhone.Deploy.0 = Release|Any CPU
		{CC4AD58C-C471-4C22-995A-CA8D5B0DA821}.Release|iPhoneSimulator.ActiveCfg = Release|Any CPU
		{CC4AD58C-C471-4C22-995A-CA8D5B0DA821}.Release|iPhoneSimulator.Build.0 = Release|Any CPU
		{CC4AD58C-C471-4C22-995A-CA8D5B0DA821}.Release|iPhoneSimulator.Deploy.0 = Release|Any CPU
		{48413B29-7912-4880-BA4D-6F3DED2DEF36}.Ad-Hoc|Any CPU.ActiveCfg = Ad-Hoc|iPhone
		{48413B29-7912-4880-BA4D-6F3DED2DEF36}.Ad-Hoc|iPhone.ActiveCfg = Ad-Hoc|iPhone
		{48413B29-7912-4880-BA4D-6F3DED2DEF36}.Ad-Hoc|iPhone.Build.0 = Ad-Hoc|iPhone
		{48413B29-7912-4880-BA4D-6F3DED2DEF36}.Ad-Hoc|iPhoneSimulator.ActiveCfg = Ad-Hoc|iPhoneSimulator
		{48413B29-7912-4880-BA4D-6F3DED2DEF36}.Ad-Hoc|iPhoneSimulator.Build.0 = Ad-Hoc|iPhoneSimulator
		{48413B29-7912-4880-BA4D-6F3DED2DEF36}.AppStore|Any CPU.ActiveCfg = AppStore|iPhone
		{48413B29-7912-4880-BA4D-6F3DED2DEF36}.AppStore|iPhone.ActiveCfg = AppStore|iPhone
		{48413B29-7912-4880-BA4D-6F3DED2DEF36}.AppStore|iPhone.Build.0 = AppStore|iPhone
		{48413B29-7912-4880-BA4D-6F3DED2DEF36}.AppStore|iPhoneSimulator.ActiveCfg = AppStore|iPhoneSimulator
		{48413B29-7912-4880-BA4D-6F3DED2DEF36}.AppStore|iPhoneSimulator.Build.0 = AppStore|iPhoneSimulator
		{48413B29-7912-4880-BA4D-6F3DED2DEF36}.Debug|Any CPU.ActiveCfg = Debug|iPhone
		{48413B29-7912-4880-BA4D-6F3DED2DEF36}.Debug|iPhone.ActiveCfg = Debug|iPhone
		{48413B29-7912-4880-BA4D-6F3DED2DEF36}.Debug|iPhone.Build.0 = Debug|iPhone
		{48413B29-7912-4880-BA4D-6F3DED2DEF36}.Debug|iPhoneSimulator.ActiveCfg = Debug|iPhoneSimulator
		{48413B29-7912-4880-BA4D-6F3DED2DEF36}.Debug|iPhoneSimulator.Build.0 = Debug|iPhoneSimulator
		{48413B29-7912-4880-BA4D-6F3DED2DEF36}.Release|Any CPU.ActiveCfg = Release|iPhone
		{48413B29-7912-4880-BA4D-6F3DED2DEF36}.Release|iPhone.ActiveCfg = Release|iPhone
		{48413B29-7912-4880-BA4D-6F3DED2DEF36}.Release|iPhone.Build.0 = Release|iPhone
		{48413B29-7912-4880-BA4D-6F3DED2DEF36}.Release|iPhoneSimulator.ActiveCfg = Release|iPhoneSimulator
		{48413B29-7912-4880-BA4D-6F3DED2DEF36}.Release|iPhoneSimulator.Build.0 = Release|iPhoneSimulator
		{1F1E4BC3-3C16-473D-9F92-3E50B95775DB}.Ad-Hoc|Any CPU.ActiveCfg = Release|Any CPU
		{1F1E4BC3-3C16-473D-9F92-3E50B95775DB}.Ad-Hoc|Any CPU.Build.0 = Release|Any CPU
		{1F1E4BC3-3C16-473D-9F92-3E50B95775DB}.Ad-Hoc|Any CPU.Deploy.0 = Release|Any CPU
		{1F1E4BC3-3C16-473D-9F92-3E50B95775DB}.Ad-Hoc|iPhone.ActiveCfg = Release|Any CPU
		{1F1E4BC3-3C16-473D-9F92-3E50B95775DB}.Ad-Hoc|iPhone.Build.0 = Release|Any CPU
		{1F1E4BC3-3C16-473D-9F92-3E50B95775DB}.Ad-Hoc|iPhone.Deploy.0 = Release|Any CPU
		{1F1E4BC3-3C16-473D-9F92-3E50B95775DB}.Ad-Hoc|iPhoneSimulator.ActiveCfg = Release|Any CPU
		{1F1E4BC3-3C16-473D-9F92-3E50B95775DB}.Ad-Hoc|iPhoneSimulator.Build.0 = Release|Any CPU
		{1F1E4BC3-3C16-473D-9F92-3E50B95775DB}.Ad-Hoc|iPhoneSimulator.Deploy.0 = Release|Any CPU
		{1F1E4BC3-3C16-473D-9F92-3E50B95775DB}.AppStore|Any CPU.ActiveCfg = Release|Any CPU
		{1F1E4BC3-3C16-473D-9F92-3E50B95775DB}.AppStore|Any CPU.Build.0 = Release|Any CPU
		{1F1E4BC3-3C16-473D-9F92-3E50B95775DB}.AppStore|Any CPU.Deploy.0 = Release|Any CPU
		{1F1E4BC3-3C16-473D-9F92-3E50B95775DB}.AppStore|iPhone.ActiveCfg = Release|Any CPU
		{1F1E4BC3-3C16-473D-9F92-3E50B95775DB}.AppStore|iPhone.Build.0 = Release|Any CPU
		{1F1E4BC3-3C16-473D-9F92-3E50B95775DB}.AppStore|iPhone.Deploy.0 = Release|Any CPU
		{1F1E4BC3-3C16-473D-9F92-3E50B95775DB}.AppStore|iPhoneSimulator.ActiveCfg = Release|Any CPU
		{1F1E4BC3-3C16-473D-9F92-3E50B95775DB}.AppStore|iPhoneSimulator.Build.0 = Release|Any CPU
		{1F1E4BC3-3C16-473D-9F92-3E50B95775DB}.AppStore|iPhoneSimulator.Deploy.0 = Release|Any CPU
		{1F1E4BC3-3C16-473D-9F92-3E50B95775DB}.Debug|Any CPU.ActiveCfg = Debug|Any CPU
		{1F1E4BC3-3C16-473D-9F92-3E50B95775DB}.Debug|Any CPU.Build.0 = Debug|Any CPU
		{1F1E4BC3-3C16-473D-9F92-3E50B95775DB}.Debug|Any CPU.Deploy.0 = Debug|Any CPU
		{1F1E4BC3-3C16-473D-9F92-3E50B95775DB}.Debug|iPhone.ActiveCfg = Debug|Any CPU
		{1F1E4BC3-3C16-473D-9F92-3E50B95775DB}.Debug|iPhone.Build.0 = Debug|Any CPU
		{1F1E4BC3-3C16-473D-9F92-3E50B95775DB}.Debug|iPhone.Deploy.0 = Debug|Any CPU
		{1F1E4BC3-3C16-473D-9F92-3E50B95775DB}.Debug|iPhoneSimulator.ActiveCfg = Debug|Any CPU
		{1F1E4BC3-3C16-473D-9F92-3E50B95775DB}.Debug|iPhoneSimulator.Build.0 = Debug|Any CPU
		{1F1E4BC3-3C16-473D-9F92-3E50B95775DB}.Debug|iPhoneSimulator.Deploy.0 = Debug|Any CPU
		{1F1E4BC3-3C16-473D-9F92-3E50B95775DB}.Release|Any CPU.ActiveCfg = Release|Any CPU
		{1F1E4BC3-3C16-473D-9F92-3E50B95775DB}.Release|Any CPU.Build.0 = Release|Any CPU
		{1F1E4BC3-3C16-473D-9F92-3E50B95775DB}.Release|Any CPU.Deploy.0 = Release|Any CPU
		{1F1E4BC3-3C16-473D-9F92-3E50B95775DB}.Release|iPhone.ActiveCfg = Release|Any CPU
		{1F1E4BC3-3C16-473D-9F92-3E50B95775DB}.Release|iPhone.Build.0 = Release|Any CPU
		{1F1E4BC3-3C16-473D-9F92-3E50B95775DB}.Release|iPhone.Deploy.0 = Release|Any CPU
		{1F1E4BC3-3C16-473D-9F92-3E50B95775DB}.Release|iPhoneSimulator.ActiveCfg = Release|Any CPU
		{1F1E4BC3-3C16-473D-9F92-3E50B95775DB}.Release|iPhoneSimulator.Build.0 = Release|Any CPU
		{1F1E4BC3-3C16-473D-9F92-3E50B95775DB}.Release|iPhoneSimulator.Deploy.0 = Release|Any CPU
		{C200FFBA-9D9C-41E2-AD34-FDA9A41C17D1}.Ad-Hoc|Any CPU.ActiveCfg = Release|iPhone
		{C200FFBA-9D9C-41E2-AD34-FDA9A41C17D1}.Ad-Hoc|Any CPU.Build.0 = Release|iPhone
		{C200FFBA-9D9C-41E2-AD34-FDA9A41C17D1}.Ad-Hoc|iPhone.ActiveCfg = Release|iPhone
		{C200FFBA-9D9C-41E2-AD34-FDA9A41C17D1}.Ad-Hoc|iPhone.Build.0 = Release|iPhone
		{C200FFBA-9D9C-41E2-AD34-FDA9A41C17D1}.Ad-Hoc|iPhoneSimulator.ActiveCfg = Release|iPhoneSimulator
		{C200FFBA-9D9C-41E2-AD34-FDA9A41C17D1}.Ad-Hoc|iPhoneSimulator.Build.0 = Release|iPhoneSimulator
		{C200FFBA-9D9C-41E2-AD34-FDA9A41C17D1}.AppStore|Any CPU.ActiveCfg = Release|iPhone
		{C200FFBA-9D9C-41E2-AD34-FDA9A41C17D1}.AppStore|Any CPU.Build.0 = Release|iPhone
		{C200FFBA-9D9C-41E2-AD34-FDA9A41C17D1}.AppStore|iPhone.ActiveCfg = Release|iPhone
		{C200FFBA-9D9C-41E2-AD34-FDA9A41C17D1}.AppStore|iPhone.Build.0 = Release|iPhone
		{C200FFBA-9D9C-41E2-AD34-FDA9A41C17D1}.AppStore|iPhoneSimulator.ActiveCfg = Release|iPhoneSimulator
		{C200FFBA-9D9C-41E2-AD34-FDA9A41C17D1}.AppStore|iPhoneSimulator.Build.0 = Release|iPhoneSimulator
		{C200FFBA-9D9C-41E2-AD34-FDA9A41C17D1}.Debug|Any CPU.ActiveCfg = Debug|iPhone
		{C200FFBA-9D9C-41E2-AD34-FDA9A41C17D1}.Debug|iPhone.ActiveCfg = Debug|iPhone
		{C200FFBA-9D9C-41E2-AD34-FDA9A41C17D1}.Debug|iPhone.Build.0 = Debug|iPhone
		{C200FFBA-9D9C-41E2-AD34-FDA9A41C17D1}.Debug|iPhoneSimulator.ActiveCfg = Debug|iPhoneSimulator
		{C200FFBA-9D9C-41E2-AD34-FDA9A41C17D1}.Debug|iPhoneSimulator.Build.0 = Debug|iPhoneSimulator
		{C200FFBA-9D9C-41E2-AD34-FDA9A41C17D1}.Release|Any CPU.ActiveCfg = Release|iPhone
		{C200FFBA-9D9C-41E2-AD34-FDA9A41C17D1}.Release|iPhone.ActiveCfg = Release|iPhone
		{C200FFBA-9D9C-41E2-AD34-FDA9A41C17D1}.Release|iPhone.Build.0 = Release|iPhone
		{C200FFBA-9D9C-41E2-AD34-FDA9A41C17D1}.Release|iPhoneSimulator.ActiveCfg = Release|iPhoneSimulator
		{C200FFBA-9D9C-41E2-AD34-FDA9A41C17D1}.Release|iPhoneSimulator.Build.0 = Release|iPhoneSimulator
	EndGlobalSection
	GlobalSection(SolutionProperties) = preSolution
		HideSolutionNode = FALSE
	EndGlobalSection
	GlobalSection(ExtensibilityGlobals) = postSolution
		SolutionGuid = {C7FE4F22-EA16-441E-A79D-E0C22723E7F9}
	EndGlobalSection
EndGlobal
